
Microsoft Visual Studio Solution File, Format Version 12.00
# Visual Studio Version 17
VisualStudioVersion = 17.5.002.0
MinimumVisualStudioVersion = 10.0.40219.1
Project("{2150E333-8FDC-42A3-9474-1A3956D46DE8}") = "samples", "samples", "{6ACFD85B-6BBD-494A-A70C-5D12CE47C706}"
EndProject
Project("{9A19103F-16F7-4668-BE54-9A1E7A4F7556}") = "dotnet", "samples\dotnet\dotnet.csproj", "{1431AD36-D1C2-4389-8B61-B45EFFF34982}"
EndProject
Global
	GlobalSection(SolutionConfigurationPlatforms) = preSolution
		Debug|Any CPU = Debug|Any CPU
		Release|Any CPU = Release|Any CPU
	EndGlobalSection
	GlobalSection(ProjectConfigurationPlatforms) = postSolution
		{1431AD36-D1C2-4389-8B61-B45EFFF34982}.Debug|Any CPU.ActiveCfg = Debug|Any CPU
		{1431AD36-D1C2-4389-8B61-B45EFFF34982}.Debug|Any CPU.Build.0 = Debug|Any CPU
		{1431AD36-D1C2-4389-8B61-B45EFFF34982}.Release|Any CPU.ActiveCfg = Release|Any CPU
		{1431AD36-D1C2-4389-8B61-B45EFFF34982}.Release|Any CPU.Build.0 = Release|Any CPU
	EndGlobalSection
	GlobalSection(SolutionProperties) = preSolution
		HideSolutionNode = FALSE
	EndGlobalSection
	GlobalSection(NestedProjects) = preSolution
		{1431AD36-D1C2-4389-8B61-B45EFFF34982} = {6ACFD85B-6BBD-494A-A70C-5D12CE47C706}
	EndGlobalSection
	GlobalSection(ExtensibilityGlobals) = postSolution
		SolutionGuid = {3CB57F82-3555-4093-A62A-176380E860CB}
	EndGlobalSection
EndGlobal
